{
  "lockfileVersion": 1,
  "configVersion": 1,
  "workspaces": {
    "": {
      "name": "tutur-kbbi-explorer",
      "devDependencies": {
        "prettier": "3.9.6",
      },
    },
    "api": {
      "name": "@tutur/search-api",
      "version": "1.0.0",
      "dependencies": {
        "@tutur/shared": "workspace:*",
        "hono": "4.13.5",
      },
    },
    "shared": {
      "name": "@tutur/shared",
      "version": "1.0.0",
    },
  },
  "packages": {
    "@tutur/search-api": ["@tutur/search-api@workspace:api"],

    "@tutur/shared": ["@tutur/shared@workspace:shared"],

    "hono": ["hono@4.13.5", "", {}, "sha512-O6+/eCYRkzzzy0rPWwKLiGBR1nFuUPZynnwjxN1MBA62NNqbT0wQEzQyK2gSO5yDIDB336sXQleAhOHrzlYyKw=="],

    "prettier": ["prettier@3.9.6", "", { "bin": { "prettier": "bin/prettier.cjs" } }, "sha512-OpN0zzVdiaiAhxpuuj5efpIS4sY9j7bY6uR5mnj5yPzGkdkjNKSJeUThPb60Jw29QuAZgA4o+/iB49kFiaBX6g=="],
  }
}
